
Microsoft Visual Studio Solution File, Format Version 12.00
# Visual Studio Version 17
VisualStudioVersion = 17.5.33414.496
MinimumVisualStudioVersion = 10.0.40219.1
Project("{FAE04EC0-301F-11D3-BF4B-00C04F79EFBC}") = "NLayeredArchitecture", "NLayeredArchitecture\NLayeredArchitecture.csproj", "{4104EF00-012D-4EE0-8A17-37FE42EFD7BB}"
EndProject
Project("{FAE04EC0-301F-11D3-BF4B-00C04F79EFBC}") = "EntityLayer", "EntityLayer\EntityLayer.csproj", "{D04DD1B5-D00F-4877-A77F-63CA2928E585}"
EndProject
Project("{FAE04EC0-301F-11D3-BF4B-00C04F79EFBC}") = "DataAccessLayer", "DataAccessLayer\DataAccessLayer.csproj", "{9700592A-B5E5-4700-9928-72D106A6E9E2}"
EndProject
Project("{FAE04EC0-301F-11D3-BF4B-00C04F79EFBC}") = "LogicLayer", "LogicLayer\LogicLayer.csproj", "{BC137B64-5BA7-4443-B02F-CB375C239A29}"
EndProject
Global
	GlobalSection(SolutionConfigurationPlatforms) = preSolution
		Debug|Any CPU = Debug|Any CPU
		Release|Any CPU = Release|Any CPU
	EndGlobalSection
	GlobalSection(ProjectConfigurationPlatforms) = postSolution
		{4104EF00-012D-4EE0-8A17-37FE42EFD7BB}.Debug|Any CPU.ActiveCfg = Debug|Any CPU
		{4104EF00-012D-4EE0-8A17-37FE42EFD7BB}.Debug|Any CPU.Build.0 = Debug|Any CPU
		{4104EF00-012D-4EE0-8A17-37FE42EFD7BB}.Release|Any CPU.ActiveCfg = Release|Any CPU
		{4104EF00-012D-4EE0-8A17-37FE42EFD7BB}.Release|Any CPU.Build.0 = Release|Any CPU
		{D04DD1B5-D00F-4877-A77F-63CA2928E585}.Debug|Any CPU.ActiveCfg = Debug|Any CPU
		{D04DD1B5-D00F-4877-A77F-63CA2928E585}.Debug|Any CPU.Build.0 = Debug|Any CPU
		{D04DD1B5-D00F-4877-A77F-63CA2928E585}.Release|Any CPU.ActiveCfg = Release|Any CPU
		{D04DD1B5-D00F-4877-A77F-63CA2928E585}.Release|Any CPU.Build.0 = Release|Any CPU
		{9700592A-B5E5-4700-9928-72D106A6E9E2}.Debug|Any CPU.ActiveCfg = Debug|Any CPU
		{9700592A-B5E5-4700-9928-72D106A6E9E2}.Debug|Any CPU.Build.0 = Debug|Any CPU
		{9700592A-B5E5-4700-9928-72D106A6E9E2}.Release|Any CPU.ActiveCfg = Release|Any CPU
		{9700592A-B5E5-4700-9928-72D106A6E9E2}.Release|Any CPU.Build.0 = Release|Any CPU
		{BC137B64-5BA7-4443-B02F-CB375C239A29}.Debug|Any CPU.ActiveCfg = Debug|Any CPU
		{BC137B64-5BA7-4443-B02F-CB375C239A29}.Debug|Any CPU.Build.0 = Debug|Any CPU
		{BC137B64-5BA7-4443-B02F-CB375C239A29}.Release|Any CPU.ActiveCfg = Release|Any CPU
		{BC137B64-5BA7-4443-B02F-CB375C239A29}.Release|Any CPU.Build.0 = Release|Any CPU
	EndGlobalSection
	GlobalSection(SolutionProperties) = preSolution
		HideSolutionNode = FALSE
	EndGlobalSection
	GlobalSection(ExtensibilityGlobals) = postSolution
		SolutionGuid = {906A4C04-FFFC-4BD7-ABDB-2B946A3A3ABC}
	EndGlobalSection
EndGlobal
